
Microsoft Visual Studio Solution File, Format Version 12.00
# Visual Studio Version 16
VisualStudioVersion = 16.0.30011.22
MinimumVisualStudioVersion = 10.0.40219.1
Project("{9A19103F-16F7-4668-BE54-9A1E7A4F7556}") = "GearboxDriver.CabinControls", "src\GearboxDriver.Dashboard\GearboxDriver.CabinControls.csproj", "{B3C247EA-714C-431A-8B3E-020DE6D61B78}"
EndProject
Project("{9A19103F-16F7-4668-BE54-9A1E7A4F7556}") = "GearboxDriver.CabinControls.Tests", "src\GearboxDriver.Dashboard.Tests\GearboxDriver.CabinControls.Tests.csproj", "{E3650D64-ABFE-4E9A-A2A5-976FE357C1E2}"
EndProject
Project("{9A19103F-16F7-4668-BE54-9A1E7A4F7556}") = "GearboxDriver.Gearshift", "src\GearboxDriver.Gearshift\GearboxDriver.Gearshift.csproj", "{31209674-5120-4D79-B2F8-837F8E9425ED}"
EndProject
Project("{9A19103F-16F7-4668-BE54-9A1E7A4F7556}") = "GearboxDriver.Gearshift.Tests", "src\GearboxDriver.Gearshift.Tests\GearboxDriver.Gearshift.Tests.csproj", "{E0F1C916-0158-447B-9046-38C47CB6AE41}"
EndProject
Project("{9A19103F-16F7-4668-BE54-9A1E7A4F7556}") = "GearboxDriver.Hardware.ACL", "src\GearboxDriver.Hardware.ACL\GearboxDriver.Hardware.ACL.csproj", "{A8DF7326-CDF1-4A7B-A8B3-B3AA71A9D3BB}"
EndProject
Project("{9A19103F-16F7-4668-BE54-9A1E7A4F7556}") = "GearboxDriver.Hardware.ACL.Tests", "src\GearboxDriver.Hardware.ACL.Tests\GearboxDriver.Hardware.ACL.Tests.csproj", "{DFCC31EC-8DAD-4637-A538-4D4390F67910}"
EndProject
Project("{9A19103F-16F7-4668-BE54-9A1E7A4F7556}") = "GearboxDriver.Hardware.API", "src\GearboxDriver.Hardware.API\GearboxDriver.Hardware.API.csproj", "{314A9051-F836-46C5-AD43-A00AE392F913}"
EndProject
Project("{9A19103F-16F7-4668-BE54-9A1E7A4F7556}") = "GearboxDriver.Processes", "src\GearboxDriver.Processes\GearboxDriver.Processes.csproj", "{09792B7E-1C85-4794-BFAD-79C7050A68B1}"
EndProject
Project("{9A19103F-16F7-4668-BE54-9A1E7A4F7556}") = "GearboxDriver.Processes.Test", "src\GearboxDriver.Processes.Test\GearboxDriver.Processes.Test.csproj", "{D791AD55-5761-4907-9642-D6E6BDACC3B7}"
EndProject
Project("{9A19103F-16F7-4668-BE54-9A1E7A4F7556}") = "GearboxDriver.PublishedLanguage", "src\GearboxDriver.PublishedLanguage\GearboxDriver.PublishedLanguage.csproj", "{D5E9B06B-AA08-412C-8D68-A17F96DBB094}"
EndProject
Project("{9A19103F-16F7-4668-BE54-9A1E7A4F7556}") = "GearboxDriver.SampleApplication", "src\GearboxDriver.SampleApplication\GearboxDriver.SampleApplication.csproj", "{C35930BC-ABAD-4DF2-A87D-E2ECA02E468D}"
EndProject
Project("{9A19103F-16F7-4668-BE54-9A1E7A4F7556}") = "GearboxDriver.Seedwork", "src\GearboxDriver.Seedwork\GearboxDriver.Seedwork.csproj", "{6B596379-9ED1-4663-ACDD-FA56C5EC1ACB}"
EndProject
Global
	GlobalSection(SolutionConfigurationPlatforms) = preSolution
		Debug|Any CPU = Debug|Any CPU
		Release|Any CPU = Release|Any CPU
	EndGlobalSection
	GlobalSection(ProjectConfigurationPlatforms) = postSolution
		{B3C247EA-714C-431A-8B3E-020DE6D61B78}.Debug|Any CPU.ActiveCfg = Debug|Any CPU
		{B3C247EA-714C-431A-8B3E-020DE6D61B78}.Debug|Any CPU.Build.0 = Debug|Any CPU
		{B3C247EA-714C-431A-8B3E-020DE6D61B78}.Release|Any CPU.ActiveCfg = Release|Any CPU
		{B3C247EA-714C-431A-8B3E-020DE6D61B78}.Release|Any CPU.Build.0 = Release|Any CPU
		{E3650D64-ABFE-4E9A-A2A5-976FE357C1E2}.Debug|Any CPU.ActiveCfg = Debug|Any CPU
		{E3650D64-ABFE-4E9A-A2A5-976FE357C1E2}.Debug|Any CPU.Build.0 = Debug|Any CPU
		{E3650D64-ABFE-4E9A-A2A5-976FE357C1E2}.Release|Any CPU.ActiveCfg = Release|Any CPU
		{E3650D64-ABFE-4E9A-A2A5-976FE357C1E2}.Release|Any CPU.Build.0 = Release|Any CPU
		{31209674-5120-4D79-B2F8-837F8E9425ED}.Debug|Any CPU.ActiveCfg = Debug|Any CPU
		{31209674-5120-4D79-B2F8-837F8E9425ED}.Debug|Any CPU.Build.0 = Debug|Any CPU
		{31209674-5120-4D79-B2F8-837F8E9425ED}.Release|Any CPU.ActiveCfg = Release|Any CPU
		{31209674-5120-4D79-B2F8-837F8E9425ED}.Release|Any CPU.Build.0 = Release|Any CPU
		{E0F1C916-0158-447B-9046-38C47CB6AE41}.Debug|Any CPU.ActiveCfg = Debug|Any CPU
		{E0F1C916-0158-447B-9046-38C47CB6AE41}.Debug|Any CPU.Build.0 = Debug|Any CPU
		{E0F1C916-0158-447B-9046-38C47CB6AE41}.Release|Any CPU.ActiveCfg = Release|Any CPU
		{E0F1C916-0158-447B-9046-38C47CB6AE41}.Release|Any CPU.Build.0 = Release|Any CPU
		{A8DF7326-CDF1-4A7B-A8B3-B3AA71A9D3BB}.Debug|Any CPU.ActiveCfg = Debug|Any CPU
		{A8DF7326-CDF1-4A7B-A8B3-B3AA71A9D3BB}.Debug|Any CPU.Build.0 = Debug|Any CPU
		{A8DF7326-CDF1-4A7B-A8B3-B3AA71A9D3BB}.Release|Any CPU.ActiveCfg = Release|Any CPU
		{A8DF7326-CDF1-4A7B-A8B3-B3AA71A9D3BB}.Release|Any CPU.Build.0 = Release|Any CPU
		{DFCC31EC-8DAD-4637-A538-4D4390F67910}.Debug|Any CPU.ActiveCfg = Debug|Any CPU
		{DFCC31EC-8DAD-4637-A538-4D4390F67910}.Debug|Any CPU.Build.0 = Debug|Any CPU
		{DFCC31EC-8DAD-4637-A538-4D4390F67910}.Release|Any CPU.ActiveCfg = Release|Any CPU
		{DFCC31EC-8DAD-4637-A538-4D4390F67910}.Release|Any CPU.Build.0 = Release|Any CPU
		{314A9051-F836-46C5-AD43-A00AE392F913}.Debug|Any CPU.ActiveCfg = Debug|Any CPU
		{314A9051-F836-46C5-AD43-A00AE392F913}.Debug|Any CPU.Build.0 = Debug|Any CPU
		{314A9051-F836-46C5-AD43-A00AE392F913}.Release|Any CPU.ActiveCfg = Release|Any CPU
		{314A9051-F836-46C5-AD43-A00AE392F913}.Release|Any CPU.Build.0 = Release|Any CPU
		{09792B7E-1C85-4794-BFAD-79C7050A68B1}.Debug|Any CPU.ActiveCfg = Debug|Any CPU
		{09792B7E-1C85-4794-BFAD-79C7050A68B1}.Debug|Any CPU.Build.0 = Debug|Any CPU
		{09792B7E-1C85-4794-BFAD-79C7050A68B1}.Release|Any CPU.ActiveCfg = Release|Any CPU
		{09792B7E-1C85-4794-BFAD-79C7050A68B1}.Release|Any CPU.Build.0 = Release|Any CPU
		{D791AD55-5761-4907-9642-D6E6BDACC3B7}.Debug|Any CPU.ActiveCfg = Debug|Any CPU
		{D791AD55-5761-4907-9642-D6E6BDACC3B7}.Debug|Any CPU.Build.0 = Debug|Any CPU
		{D791AD55-5761-4907-9642-D6E6BDACC3B7}.Release|Any CPU.ActiveCfg = Release|Any CPU
		{D791AD55-5761-4907-9642-D6E6BDACC3B7}.Release|Any CPU.Build.0 = Release|Any CPU
		{D5E9B06B-AA08-412C-8D68-A17F96DBB094}.Debug|Any CPU.ActiveCfg = Debug|Any CPU
		{D5E9B06B-AA08-412C-8D68-A17F96DBB094}.Debug|Any CPU.Build.0 = Debug|Any CPU
		{D5E9B06B-AA08-412C-8D68-A17F96DBB094}.Release|Any CPU.ActiveCfg = Release|Any CPU
		{D5E9B06B-AA08-412C-8D68-A17F96DBB094}.Release|Any CPU.Build.0 = Release|Any CPU
		{C35930BC-ABAD-4DF2-A87D-E2ECA02E468D}.Debug|Any CPU.ActiveCfg = Debug|Any CPU
		{C35930BC-ABAD-4DF2-A87D-E2ECA02E468D}.Debug|Any CPU.Build.0 = Debug|Any CPU
		{C35930BC-ABAD-4DF2-A87D-E2ECA02E468D}.Release|Any CPU.ActiveCfg = Release|Any CPU
		{C35930BC-ABAD-4DF2-A87D-E2ECA02E468D}.Release|Any CPU.Build.0 = Release|Any CPU
		{6B596379-9ED1-4663-ACDD-FA56C5EC1ACB}.Debug|Any CPU.ActiveCfg = Debug|Any CPU
		{6B596379-9ED1-4663-ACDD-FA56C5EC1ACB}.Debug|Any CPU.Build.0 = Debug|Any CPU
		{6B596379-9ED1-4663-ACDD-FA56C5EC1ACB}.Release|Any CPU.ActiveCfg = Release|Any CPU
		{6B596379-9ED1-4663-ACDD-FA56C5EC1ACB}.Release|Any CPU.Build.0 = Release|Any CPU
	EndGlobalSection
	GlobalSection(SolutionProperties) = preSolution
		HideSolutionNode = FALSE
	EndGlobalSection
	GlobalSection(ExtensibilityGlobals) = postSolution
		SolutionGuid = {A7EEE38E-AAC3-460C-93E8-321B5F302790}
	EndGlobalSection
EndGlobal
