
Microsoft Visual Studio Solution File, Format Version 12.00
# Visual Studio Version 16
VisualStudioVersion = 16.0.30011.22
MinimumVisualStudioVersion = 10.0.40219.1
Project("{9A19103F-16F7-4668-BE54-9A1E7A4F7556}") = "GearboxDriver.Hardware.API", "GearboxDriver.Hardware.API\GearboxDriver.Hardware.API.csproj", "{F66531A7-B496-4AF4-A653-48F301194A6B}"
EndProject
Project("{9A19103F-16F7-4668-BE54-9A1E7A4F7556}") = "GearboxDriver.Hardware.ACL", "GearboxDriver.Hardware.ACL\GearboxDriver.Hardware.ACL.csproj", "{7FD9859A-E056-4BDC-B0AB-87F00EF26E23}"
EndProject
Project("{9A19103F-16F7-4668-BE54-9A1E7A4F7556}") = "GearboxDriver.Hardware.ACL.Tests", "GearboxDriver.Hardware.ACL.Tests\GearboxDriver.Hardware.ACL.Tests.csproj", "{14045A50-45FF-4045-958C-DFE8E6E5052E}"
EndProject
Project("{9A19103F-16F7-4668-BE54-9A1E7A4F7556}") = "GearboxDriver.Cabin", "GearboxDriver.Dashboard\GearboxDriver.Cabin.csproj", "{E0B914D6-7AE8-4CF7-B42E-3A39E1EB1D7D}"
EndProject
Project("{9A19103F-16F7-4668-BE54-9A1E7A4F7556}") = "GearboxDriver.Seedwork", "GearboxDriver.Seedwork\GearboxDriver.Seedwork.csproj", "{E9F14412-BC09-4B24-A547-7E685A4F006C}"
EndProject
Project("{9A19103F-16F7-4668-BE54-9A1E7A4F7556}") = "GearboxDriver.Dashboard.Tests", "GearboxDriver.Dashboard.Tests\GearboxDriver.Dashboard.Tests.csproj", "{D74985C0-1029-4BFB-9096-F9F07EFD4DF6}"
EndProject
Project("{9A19103F-16F7-4668-BE54-9A1E7A4F7556}") = "GearboxDriver.Gearshift", "GearboxDriver.Gearshift\GearboxDriver.Gearshift.csproj", "{684B953D-B58A-4A41-B3BB-011B34D7CA5A}"
EndProject
Project("{9A19103F-16F7-4668-BE54-9A1E7A4F7556}") = "GearboxDriver.Processes", "GearboxDriver.Processes\GearboxDriver.Processes.csproj", "{64D67AA4-121F-4700-BD7E-1CA360B9900E}"
EndProject
Project("{9A19103F-16F7-4668-BE54-9A1E7A4F7556}") = "GearboxDriver.Processes.Test", "GearboxDriver.Processes.Test\GearboxDriver.Processes.Test.csproj", "{607CDF67-267B-47B1-983A-22DB0A40E8BC}"
EndProject
Project("{FAE04EC0-301F-11D3-BF4B-00C04F79EFBC}") = "GearboxDriver.Gearshift.Tests", "GearboxDriver.Gearshift.Tests\GearboxDriver.Gearshift.Tests.csproj", "{EFD4DECD-F714-473E-B894-4D9C2BC83809}"
EndProject
Global
	GlobalSection(SolutionConfigurationPlatforms) = preSolution
		Debug|Any CPU = Debug|Any CPU
		Release|Any CPU = Release|Any CPU
	EndGlobalSection
	GlobalSection(ProjectConfigurationPlatforms) = postSolution
		{F66531A7-B496-4AF4-A653-48F301194A6B}.Debug|Any CPU.ActiveCfg = Debug|Any CPU
		{F66531A7-B496-4AF4-A653-48F301194A6B}.Debug|Any CPU.Build.0 = Debug|Any CPU
		{F66531A7-B496-4AF4-A653-48F301194A6B}.Release|Any CPU.ActiveCfg = Release|Any CPU
		{F66531A7-B496-4AF4-A653-48F301194A6B}.Release|Any CPU.Build.0 = Release|Any CPU
		{7FD9859A-E056-4BDC-B0AB-87F00EF26E23}.Debug|Any CPU.ActiveCfg = Debug|Any CPU
		{7FD9859A-E056-4BDC-B0AB-87F00EF26E23}.Debug|Any CPU.Build.0 = Debug|Any CPU
		{7FD9859A-E056-4BDC-B0AB-87F00EF26E23}.Release|Any CPU.ActiveCfg = Release|Any CPU
		{7FD9859A-E056-4BDC-B0AB-87F00EF26E23}.Release|Any CPU.Build.0 = Release|Any CPU
		{14045A50-45FF-4045-958C-DFE8E6E5052E}.Debug|Any CPU.ActiveCfg = Debug|Any CPU
		{14045A50-45FF-4045-958C-DFE8E6E5052E}.Debug|Any CPU.Build.0 = Debug|Any CPU
		{14045A50-45FF-4045-958C-DFE8E6E5052E}.Release|Any CPU.ActiveCfg = Release|Any CPU
		{14045A50-45FF-4045-958C-DFE8E6E5052E}.Release|Any CPU.Build.0 = Release|Any CPU
		{E0B914D6-7AE8-4CF7-B42E-3A39E1EB1D7D}.Debug|Any CPU.ActiveCfg = Debug|Any CPU
		{E0B914D6-7AE8-4CF7-B42E-3A39E1EB1D7D}.Debug|Any CPU.Build.0 = Debug|Any CPU
		{E0B914D6-7AE8-4CF7-B42E-3A39E1EB1D7D}.Release|Any CPU.ActiveCfg = Release|Any CPU
		{E0B914D6-7AE8-4CF7-B42E-3A39E1EB1D7D}.Release|Any CPU.Build.0 = Release|Any CPU
		{E9F14412-BC09-4B24-A547-7E685A4F006C}.Debug|Any CPU.ActiveCfg = Debug|Any CPU
		{E9F14412-BC09-4B24-A547-7E685A4F006C}.Debug|Any CPU.Build.0 = Debug|Any CPU
		{E9F14412-BC09-4B24-A547-7E685A4F006C}.Release|Any CPU.ActiveCfg = Release|Any CPU
		{E9F14412-BC09-4B24-A547-7E685A4F006C}.Release|Any CPU.Build.0 = Release|Any CPU
		{D74985C0-1029-4BFB-9096-F9F07EFD4DF6}.Debug|Any CPU.ActiveCfg = Debug|Any CPU
		{D74985C0-1029-4BFB-9096-F9F07EFD4DF6}.Debug|Any CPU.Build.0 = Debug|Any CPU
		{D74985C0-1029-4BFB-9096-F9F07EFD4DF6}.Release|Any CPU.ActiveCfg = Release|Any CPU
		{D74985C0-1029-4BFB-9096-F9F07EFD4DF6}.Release|Any CPU.Build.0 = Release|Any CPU
		{684B953D-B58A-4A41-B3BB-011B34D7CA5A}.Debug|Any CPU.ActiveCfg = Debug|Any CPU
		{684B953D-B58A-4A41-B3BB-011B34D7CA5A}.Debug|Any CPU.Build.0 = Debug|Any CPU
		{684B953D-B58A-4A41-B3BB-011B34D7CA5A}.Release|Any CPU.ActiveCfg = Release|Any CPU
		{684B953D-B58A-4A41-B3BB-011B34D7CA5A}.Release|Any CPU.Build.0 = Release|Any CPU
		{64D67AA4-121F-4700-BD7E-1CA360B9900E}.Debug|Any CPU.ActiveCfg = Debug|Any CPU
		{64D67AA4-121F-4700-BD7E-1CA360B9900E}.Debug|Any CPU.Build.0 = Debug|Any CPU
		{64D67AA4-121F-4700-BD7E-1CA360B9900E}.Release|Any CPU.ActiveCfg = Release|Any CPU
		{64D67AA4-121F-4700-BD7E-1CA360B9900E}.Release|Any CPU.Build.0 = Release|Any CPU
		{607CDF67-267B-47B1-983A-22DB0A40E8BC}.Debug|Any CPU.ActiveCfg = Debug|Any CPU
		{607CDF67-267B-47B1-983A-22DB0A40E8BC}.Debug|Any CPU.Build.0 = Debug|Any CPU
		{607CDF67-267B-47B1-983A-22DB0A40E8BC}.Release|Any CPU.ActiveCfg = Release|Any CPU
		{607CDF67-267B-47B1-983A-22DB0A40E8BC}.Release|Any CPU.Build.0 = Release|Any CPU
		{EFD4DECD-F714-473E-B894-4D9C2BC83809}.Debug|Any CPU.ActiveCfg = Debug|Any CPU
		{EFD4DECD-F714-473E-B894-4D9C2BC83809}.Debug|Any CPU.Build.0 = Debug|Any CPU
		{EFD4DECD-F714-473E-B894-4D9C2BC83809}.Release|Any CPU.ActiveCfg = Release|Any CPU
		{EFD4DECD-F714-473E-B894-4D9C2BC83809}.Release|Any CPU.Build.0 = Release|Any CPU
	EndGlobalSection
	GlobalSection(SolutionProperties) = preSolution
		HideSolutionNode = FALSE
	EndGlobalSection
	GlobalSection(ExtensibilityGlobals) = postSolution
		SolutionGuid = {A7EEE38E-AAC3-460C-93E8-321B5F302790}
	EndGlobalSection
EndGlobal
